<?xml version="1.0" encoding="utf-8"?>
<Project ToolsVersion="4.0" xmlns="http://schemas.microsoft.com/developer/msbuild/2003">
  <ItemGroup>
    <None Include="resources\effects\hit_spark.json">
      <Filter>リソース ファイル</Filter>
    </None>
    <None Include="resources\configs\gameText.json">
      <Filter>リソース ファイル</Filter>
    </None>
    <None Include="resources\levels\level_test.json">
      <Filter>リソース ファイル</Filter>
    </None>
    <None Include="resources\projects\default.project.json">
      <Filter>リソース ファイル</Filter>
    </None>
    <None Include="resources\levels\prefab_dictionary.json">
      <Filter>リソース ファイル</Filter>
    </None>
    <None Include="resources\levels\ai_edit_prompt_template.md">
      <Filter>リソース ファイル</Filter>
    </None>
    <None Include="resources\levels\ai_balance_handoff.md">
      <Filter>リソース ファイル</Filter>
    </None>
    <None Include="tools\blender\export_level_test.py">
      <Filter>リソース ファイル</Filter>
    </None>
    <None Include="tools\blender\import_level_test.py">
      <Filter>リソース ファイル</Filter>
    </None>
    <None Include="tools\blender\README.md">
      <Filter>リソース ファイル</Filter>
    </None>
    <None Include="tools\level_aiditor\level_aiditor.py">
      <Filter>リソース ファイル</Filter>
    </None>
    <None Include="tools\level_aiditor\README.md">
      <Filter>リソース ファイル</Filter>
    </None>
    <None Include="resources\shaders\ObjectPostComposite.PS.hlsl">
      <Filter>DirectX\shaders</Filter>
    </None>
	<None Include="resources\shaders\Random.PS.hlsl">
	  <Filter>DirectX\shaders</Filter>
	</None>
    <None Include="resources\shaders\ObjectPostBloomAdd.PS.hlsl">
      <Filter>DirectX\shaders</Filter>
    </None>
    <Filter Include="ソース ファイル">
      <UniqueIdentifier>{4FC737F1-C7A5-4376-A066-2A32D752A2FF}</UniqueIdentifier>
      <Extensions>cpp;c;cc;cxx;c++;cppm;ixx;def;odl;idl;hpj;bat;asm;asmx</Extensions>
    </Filter>
    <Filter Include="ヘッダー ファイル">
      <UniqueIdentifier>{93995380-89BD-4b04-88EB-625FBE52EBFB}</UniqueIdentifier>
      <Extensions>h;hh;hpp;hxx;h++;hm;inl;inc;ipp;xsd</Extensions>
    </Filter>
    <Filter Include="リソース ファイル">
      <UniqueIdentifier>{67DA6AB6-F800-4c08-8B7A-83BB121AAD01}</UniqueIdentifier>
      <Extensions>rc;ico;cur;bmp;dlg;rc2;rct;bin;rgs;gif;jpg;jpeg;jpe;resx;tiff;tif;png;wav;mfcribbon-ms</Extensions>
    </Filter>
    <Filter Include="imgui">
      <UniqueIdentifier>{ec9f3dc1-7844-4f4d-ad84-4dc97c202047}</UniqueIdentifier>
    </Filter>
    <Filter Include="DirectX">
      <UniqueIdentifier>{6ebd44cc-603e-47aa-9354-5b70040d4f24}</UniqueIdentifier>
    </Filter>
    <Filter Include="DirectX\engine">
      <UniqueIdentifier>{91d91a2e-7345-4ec1-b88d-7331b3c7529f}</UniqueIdentifier>
    </Filter>
    <Filter Include="DirectX\shaders">
      <UniqueIdentifier>{8c95a2c1-0d8f-4727-a162-c383bb65cd3b}</UniqueIdentifier>
    </Filter>
    <Filter Include="Game">
      <UniqueIdentifier>{c5c2c58f-7451-4494-b172-0870f49cec55}</UniqueIdentifier>
    </Filter>
    <Filter Include="DirectX\engine\2d">
      <UniqueIdentifier>{65e96b40-d19a-4d3b-b8e0-db49bc8769f0}</UniqueIdentifier>
    </Filter>
    <Filter Include="DirectX\engine\3d">
      <UniqueIdentifier>{07fd8102-ae11-479c-af6e-ddcd77b0d043}</UniqueIdentifier>
    </Filter>
    <Filter Include="DirectX\engine\audio">
      <UniqueIdentifier>{cec9acb5-e141-4da2-8ed7-2bae2292c7b8}</UniqueIdentifier>
    </Filter>
    <Filter Include="DirectX\engine\calc">
      <UniqueIdentifier>{41dcb063-345e-4400-8d5d-4ede16902d8b}</UniqueIdentifier>
    </Filter>
    <Filter Include="DirectX\engine\common">
      <UniqueIdentifier>{6b34fc79-2c6c-4041-8399-089e894b87c4}</UniqueIdentifier>
    </Filter>
    <Filter Include="DirectX\engine\debugCamera">
      <UniqueIdentifier>{eed5fa8f-5ce9-428e-a182-b0458ef1ce63}</UniqueIdentifier>
    </Filter>
    <Filter Include="DirectX\engine\dump">
      <UniqueIdentifier>{f2ddf850-220b-43ac-ab4c-6360b60b4a99}</UniqueIdentifier>
    </Filter>
    <Filter Include="DirectX\engine\easing">
      <UniqueIdentifier>{c21eb4e1-0d5b-470a-a702-ac486865b45e}</UniqueIdentifier>
    </Filter>
    <Filter Include="DirectX\engine\input">
      <UniqueIdentifier>{4e4c84af-b306-40bc-bc52-3677d7368fa8}</UniqueIdentifier>
    </Filter>
    <Filter Include="DirectX\engine\struct">
      <UniqueIdentifier>{a0317ee1-1bae-4fb8-bd52-6aa237e53633}</UniqueIdentifier>
    </Filter>
  </ItemGroup>
  <ItemGroup>
    <ClCompile Include="main.cpp">
      <Filter>ソース ファイル</Filter>
    </ClCompile>
    <ClCompile Include="externals\imgui\imgui.cpp">
      <Filter>imgui</Filter>
    </ClCompile>
    <ClCompile Include="externals\imgui\imgui_demo.cpp">
      <Filter>imgui</Filter>
    </ClCompile>
    <ClCompile Include="externals\imgui\imgui_draw.cpp">
      <Filter>imgui</Filter>
    </ClCompile>
    <ClCompile Include="externals\imgui\imgui_impl_dx12.cpp">
      <Filter>imgui</Filter>
    </ClCompile>
    <ClCompile Include="externals\imgui\imgui_impl_win32.cpp">
      <Filter>imgui</Filter>
    </ClCompile>
    <ClCompile Include="externals\imgui\imgui_tables.cpp">
      <Filter>imgui</Filter>
    </ClCompile>
    <ClCompile Include="externals\imgui\imgui_widgets.cpp">
      <Filter>imgui</Filter>
    </ClCompile>
    <ClCompile Include="DirectX\engine\audio\Audio.cpp">
      <Filter>DirectX\engine\audio</Filter>
    </ClCompile>
    <ClCompile Include="DirectX\engine\calc\Calculation.cpp">
      <Filter>DirectX\engine\calc</Filter>
    </ClCompile>
    <ClCompile Include="DirectX\engine\commom\DirectXCommon.cpp">
      <Filter>DirectX\engine\common</Filter>
    </ClCompile>
    <ClCompile Include="DirectX\engine\dumpClass\Dump.cpp">
      <Filter>DirectX\engine\dump</Filter>
    </ClCompile>
    <ClCompile Include="DirectX\engine\easing\Easing.cpp">
      <Filter>DirectX\engine\easing</Filter>
    </ClCompile>
    <ClCompile Include="DirectX\engine\input\Input.cpp">
      <Filter>DirectX\engine\input</Filter>
    </ClCompile>
    <ClCompile Include="DirectX\engine\2d\Sprite.cpp">
      <Filter>DirectX\engine\2d</Filter>
    </ClCompile>
    <ClCompile Include="DirectX\engine\2d\SpriteCommon.cpp">
      <Filter>DirectX\engine\2d</Filter>
    </ClCompile>
    <ClCompile Include="DirectX\engine\2d\TextLabel.cpp">
      <Filter>DirectX\engine\2d</Filter>
    </ClCompile>
    <ClCompile Include="DirectX\engine\2d\TextRenderer.cpp">
      <Filter>DirectX\engine\2d</Filter>
    </ClCompile>
    <ClCompile Include="DirectX\engine\commom\InputDesc.cpp">
      <Filter>DirectX\engine\common</Filter>
    </ClCompile>
    <ClCompile Include="DirectX\engine\commom\LogWrite.cpp">
      <Filter>DirectX\engine\common</Filter>
    </ClCompile>
    <ClCompile Include="DirectX\engine\commom\Resource.cpp">
      <Filter>DirectX\engine\common</Filter>
    </ClCompile>
    <ClCompile Include="DirectX\engine\commom\Root.cpp">
      <Filter>DirectX\engine\common</Filter>
    </ClCompile>
    <ClCompile Include="DirectX\engine\commom\Texture.cpp">
      <Filter>DirectX\engine\common</Filter>
    </ClCompile>
    <ClCompile Include="DirectX\engine\commom\WinApp.cpp">
      <Filter>DirectX\engine\common</Filter>
    </ClCompile>
    <ClCompile Include="DirectX\engine\debugCamera\DebugCamera.cpp">
      <Filter>DirectX\engine\debugCamera</Filter>
    </ClCompile>
    <ClCompile Include="DirectX\engine\2d\TextureManager.cpp">
      <Filter>ソース ファイル</Filter>
    </ClCompile>
    <ClCompile Include="DirectX\engine\3d\Object3dCommon.cpp">
      <Filter>ソース ファイル</Filter>
    </ClCompile>
    <ClCompile Include="DirectX\engine\3d\Object3d.cpp">
      <Filter>ソース ファイル</Filter>
    </ClCompile>
    <ClCompile Include="DirectX\engine\3d\OceanRenderer.cpp">
      <Filter>ソース ファイル</Filter>
    </ClCompile>
    <ClCompile Include="DirectX\engine\3d\ModelCommon.cpp">
      <Filter>ソース ファイル</Filter>
    </ClCompile>
    <ClCompile Include="DirectX\engine\3d\Model.cpp">
      <Filter>ソース ファイル</Filter>
    </ClCompile>
    <ClCompile Include="DirectX\engine\3d\ModelManager.cpp">
      <Filter>ソース ファイル</Filter>
    </ClCompile>
    <ClCompile Include="DirectX\engine\debugCamera\Camera.cpp">
      <Filter>ソース ファイル</Filter>
    </ClCompile>
    <ClCompile Include="DirectX\engine\commom\SrvManager.cpp">
      <Filter>ソース ファイル</Filter>
    </ClCompile>
    <ClCompile Include="game\collision\Collider.cpp">
      <Filter>ソース ファイル</Filter>
    </ClCompile>
    <ClCompile Include="game\collision\CollisionConfig.cpp">
      <Filter>ソース ファイル</Filter>
    </ClCompile>
    <ClCompile Include="game\collision\CollisionManager.cpp">
      <Filter>ソース ファイル</Filter>
    </ClCompile>
    <ClCompile Include="game\enemy\actor\Enemy.cpp">
      <Filter>ソース ファイル</Filter>
    </ClCompile>
    <ClCompile Include="game\mapchip\MapChip.cpp">
      <Filter>ソース ファイル</Filter>
    </ClCompile>
    <ClCompile Include="game\player\actor\AttackController.cpp">
      <Filter>ソース ファイル</Filter>
    </ClCompile>
    <ClCompile Include="game\player\actor\Bullet.cpp">
      <Filter>ソース ファイル</Filter>
    </ClCompile>
    <ClCompile Include="game\player\actor\BulletManager.cpp">
      <Filter>ソース ファイル</Filter>
    </ClCompile>
    <ClCompile Include="game\player\actor\Player.cpp">
      <Filter>ソース ファイル</Filter>
    </ClCompile>
    <ClCompile Include="game\player\actor\Player.ClassEditor.cpp">
      <Filter>ソース ファイル</Filter>
    </ClCompile>
    <ClCompile Include="game\player\actor\Player.EvolutionUi.cpp">
      <Filter>ソース ファイル</Filter>
    </ClCompile>
    <ClCompile Include="game\player\actor\PlayerUiHelpers.cpp">
      <Filter>ソース ファイル</Filter>
    </ClCompile>
    <ClCompile Include="game\player\actor\PlayerDrone.cpp">
      <Filter>ソース ファイル</Filter>
    </ClCompile>
    <ClCompile Include="game\ui\NeonProgressBar.cpp">
      <Filter>ソース ファイル</Filter>
    </ClCompile>
    <ClCompile Include="game\ui\NeonSegmentedBar.cpp">
      <Filter>ソース ファイル</Filter>
    </ClCompile>
    <ClCompile Include="game\ui\NeonTextEffect.cpp">
      <Filter>ソース ファイル</Filter>
    </ClCompile>
    <ClCompile Include="game\ui\TankButtonUI.cpp">
      <Filter>ソース ファイル</Filter>
    </ClCompile>
    <ClCompile Include="game\player\actor\Stage.cpp">
      <Filter>ソース ファイル</Filter>
    </ClCompile>
    <ClCompile Include="game\scene\Fade.cpp">
      <Filter>ソース ファイル</Filter>
    </ClCompile>
    <ClCompile Include="game\scene\GameScene.cpp">
      <Filter>ソース ファイル</Filter>
    </ClCompile>
    <ClCompile Include="game\scene\GameScene.TankExpedition.cpp">
      <Filter>ソース ファイル</Filter>
    </ClCompile>
    <ClCompile Include="game\scene\GameScene.TankRun.cpp">
      <Filter>ソース ファイル</Filter>
    </ClCompile>
    <ClCompile Include="game\scene\GameScene.TankRunVisuals.cpp">
      <Filter>ソース ファイル</Filter>
    </ClCompile>
    <ClCompile Include="game\effects\ScreenEffectDirector.cpp">
      <Filter>ソース ファイル</Filter>
    </ClCompile>
    <ClCompile Include="game\scene\SceneManager.cpp">
      <Filter>ソース ファイル</Filter>
    </ClCompile>
    <ClCompile Include="game\scene\SceneFactory.cpp">
      <Filter>ソース ファイル</Filter>
    </ClCompile>
    <ClCompile Include="game\runtime\SceneRegistry.cpp">
      <Filter>ソース ファイル</Filter>
    </ClCompile>
    <ClCompile Include="game\runtime\GameModuleRegistry.cpp">
      <Filter>ソース ファイル</Filter>
    </ClCompile>
    <ClCompile Include="game\modules\BuiltInGameModule.cpp">
      <Filter>ソース ファイル</Filter>
    </ClCompile>
    <ClCompile Include="game\modules\GameModuleBootstrap.cpp">
      <Filter>ソース ファイル</Filter>
    </ClCompile>
    <ClCompile Include="game\runtime\GameProject.cpp">
      <Filter>ソース ファイル</Filter>
    </ClCompile>
    <ClCompile Include="game\scene\TitleScene.cpp">
      <Filter>ソース ファイル</Filter>
    </ClCompile>
    <ClCompile Include="game\scene\Game.cpp">
      <Filter>ソース ファイル</Filter>
    </ClCompile>
    <ClCompile Include="game\exp\EnemyManager.cpp">
      <Filter>ソース ファイル</Filter>
    </ClCompile>
    <ClCompile Include="game\exp\ExpEnemy.cpp">
      <Filter>ソース ファイル</Filter>
    </ClCompile>
    <ClCompile Include="DirectX\engine\postEffect\BloomConstantBuffer.cpp">
      <Filter>ソース ファイル</Filter>
    </ClCompile>
    <ClCompile Include="DirectX\engine\postEffect\ObjectPostEffect.cpp">
      <Filter>ソース ファイル</Filter>
    </ClCompile>
    <ClCompile Include="DirectX\engine\postEffect\PostEffect.cpp">
      <Filter>ソース ファイル</Filter>
    </ClCompile>
    <ClCompile Include="DirectX\engine\postEffect\RenderTexture.cpp">
      <Filter>ソース ファイル</Filter>
    </ClCompile>
    <ClCompile Include="DirectX\engine\commom\RtvManager.cpp">
      <Filter>ソース ファイル</Filter>
    </ClCompile>
    <ClCompile Include="DirectX\engine\particle\ParticleManager.cpp">
      <Filter>ソース ファイル</Filter>
    </ClCompile>
    <ClCompile Include="DirectX\engine\commom\ShadowMap.cpp">
      <Filter>ソース ファイル</Filter>
    </ClCompile>
    <ClCompile Include="DirectX\engine\postEffect\Bloom.cpp">
      <Filter>ソース ファイル</Filter>
    </ClCompile>
    <ClCompile Include="DirectX\engine\postEffect\BloomPyramid.cpp">
      <Filter>ソース ファイル</Filter>
    </ClCompile>
    <ClCompile Include="DirectX\engine\postEffect\Shadow.cpp">
      <Filter>ソース ファイル</Filter>
    </ClCompile>
    <ClCompile Include="DirectX\engine\audio\AudioManager.cpp">
      <Filter>ソース ファイル</Filter>
    </ClCompile>
    <ClCompile Include="DirectX\engine\commom\CylinderManager.cpp">
      <Filter>ソース ファイル</Filter>
    </ClCompile>
    <ClCompile Include="DirectX\engine\commom\RingManager.cpp">
      <Filter>ソース ファイル</Filter>
    </ClCompile>
    <ClCompile Include="DirectX\engine\3d\Skybox.cpp">
      <Filter>ソース ファイル</Filter>
    </ClCompile>
    <ClCompile Include="DirectX\engine\particle\EffectSequencer.cpp">
      <Filter>ソース ファイル</Filter>
    </ClCompile>
    <ClCompile Include="DirectX\engine\commom\TrailInstance.cpp">
      <Filter>ソース ファイル</Filter>
    </ClCompile>
    <ClCompile Include="DirectX\engine\commom\TrailManager.cpp">
      <Filter>ソース ファイル</Filter>
    </ClCompile>
    <ClCompile Include="game\level\LevelLoader.cpp">
      <Filter>ソース ファイル</Filter>
    </ClCompile>
  </ItemGroup>
  <ItemGroup>
    <FxCompile Include="resources\shaders\Object3d.PS.hlsl">
      <Filter>DirectX\shaders</Filter>
    </FxCompile>
    <FxCompile Include="resources\shaders\Object3d.VS.hlsl">
      <Filter>DirectX\shaders</Filter>
    </FxCompile>
    <FxCompile Include="resources\shaders\Ocean.PS.hlsl">
      <Filter>DirectX\shaders</Filter>
    </FxCompile>
    <FxCompile Include="resources\shaders\Ocean.VS.hlsl">
      <Filter>DirectX\shaders</Filter>
    </FxCompile>
    <FxCompile Include="resources\shaders\Particle.PS.hlsl">
      <Filter>DirectX\shaders</Filter>
    </FxCompile>
    <FxCompile Include="resources\shaders\Particle.VS.hlsl">
      <Filter>DirectX\shaders</Filter>
    </FxCompile>
    <FxCompile Include="resources\shaders\ModelParticle.PS.hlsl" />
    <FxCompile Include="resources\shaders\ModelParticle.VS.hlsl" />
    <FxCompile Include="resources\shaders\Shadow.VS.hlsl" />
    <FxCompile Include="resources\shaders\Shadow.PS.hlsl" />
    <FxCompile Include="resources\shaders\Trail.PS.hlsl" />
    <FxCompile Include="resources\shaders\Trail.VS.hlsl" />
    <FxCompile Include="resources\shaders\ProceduralFlame.PS.hlsl">
      <Filter>DirectX\shaders</Filter>
    </FxCompile>
    <FxCompile Include="resources\shaders\ProceduralFlame.VS.hlsl">
      <Filter>DirectX\shaders</Filter>
    </FxCompile>
  </ItemGroup>
  <ItemGroup>
    <ClInclude Include="externals\imgui\imconfig.h">
      <Filter>imgui</Filter>
    </ClInclude>
    <ClInclude Include="externals\imgui\imgui.h">
      <Filter>imgui</Filter>
    </ClInclude>
    <ClInclude Include="externals\imgui\imgui_impl_dx12.h">
      <Filter>imgui</Filter>
    </ClInclude>
    <ClInclude Include="externals\imgui\imgui_impl_win32.h">
      <Filter>imgui</Filter>
    </ClInclude>
    <ClInclude Include="externals\imgui\imgui_internal.h">
      <Filter>imgui</Filter>
    </ClInclude>
    <ClInclude Include="externals\imgui\imstb_rectpack.h">
      <Filter>imgui</Filter>
    </ClInclude>
    <ClInclude Include="externals\imgui\imstb_textedit.h">
      <Filter>imgui</Filter>
    </ClInclude>
    <ClInclude Include="externals\imgui\imstb_truetype.h">
      <Filter>imgui</Filter>
    </ClInclude>
    <ClInclude Include="DirectX\engine\audio\Audio.h">
      <Filter>DirectX\engine\audio</Filter>
    </ClInclude>
    <ClInclude Include="DirectX\engine\calc\Calculation.h">
      <Filter>DirectX\engine\calc</Filter>
    </ClInclude>
    <ClInclude Include="DirectX\engine\commom\DirectXCommon.h">
      <Filter>DirectX\engine\common</Filter>
    </ClInclude>
    <ClInclude Include="DirectX\engine\dumpClass\Dump.h">
      <Filter>DirectX\engine\dump</Filter>
    </ClInclude>
    <ClInclude Include="DirectX\engine\easing\Easing.h">
      <Filter>DirectX\engine\easing</Filter>
    </ClInclude>
    <ClInclude Include="DirectX\engine\input\Input.h">
      <Filter>DirectX\engine\input</Filter>
    </ClInclude>
    <ClInclude Include="DirectX\engine\2d\SpriteCommon.h">
      <Filter>DirectX\engine\2d</Filter>
    </ClInclude>
    <ClInclude Include="DirectX\engine\2d\Sprite.h">
      <Filter>DirectX\engine\2d</Filter>
    </ClInclude>
    <ClInclude Include="DirectX\engine\2d\TextLabel.h">
      <Filter>DirectX\engine\2d</Filter>
    </ClInclude>
    <ClInclude Include="DirectX\engine\2d\TextRenderer.h">
      <Filter>DirectX\engine\2d</Filter>
    </ClInclude>
    <ClInclude Include="DirectX\engine\commom\InputDesc.h">
      <Filter>DirectX\engine\common</Filter>
    </ClInclude>
    <ClInclude Include="DirectX\engine\commom\LogWrite.h">
      <Filter>DirectX\engine\common</Filter>
    </ClInclude>
    <ClInclude Include="DirectX\engine\commom\Resource.h">
      <Filter>DirectX\engine\common</Filter>
    </ClInclude>
    <ClInclude Include="DirectX\engine\commom\Root.h">
      <Filter>DirectX\engine\common</Filter>
    </ClInclude>
    <ClInclude Include="DirectX\engine\commom\Texture.h">
      <Filter>DirectX\engine\common</Filter>
    </ClInclude>
    <ClInclude Include="DirectX\engine\commom\WinApp.h">
      <Filter>DirectX\engine\common</Filter>
    </ClInclude>
    <ClInclude Include="DirectX\engine\struct\Struct.h">
      <Filter>DirectX\engine\struct</Filter>
    </ClInclude>
    <ClInclude Include="DirectX\engine\debugCamera\DebugCamera.h">
      <Filter>DirectX\engine\debugCamera</Filter>
    </ClInclude>
    <ClInclude Include="DirectX\engine\2d\TextureManager.h">
      <Filter>ヘッダー ファイル</Filter>
    </ClInclude>
    <ClInclude Include="DirectX\engine\3d\Object3dCommon.h">
      <Filter>ヘッダー ファイル</Filter>
    </ClInclude>
    <ClInclude Include="DirectX\engine\3d\Object3d.h">
      <Filter>ヘッダー ファイル</Filter>
    </ClInclude>
    <ClInclude Include="DirectX\engine\3d\OceanRenderer.h">
      <Filter>ヘッダー ファイル</Filter>
    </ClInclude>
    <ClInclude Include="DirectX\engine\3d\ModelCommon.h">
      <Filter>ヘッダー ファイル</Filter>
    </ClInclude>
    <ClInclude Include="DirectX\engine\3d\Model.h">
      <Filter>ヘッダー ファイル</Filter>
    </ClInclude>
    <ClInclude Include="DirectX\engine\3d\ModelManager.h">
      <Filter>ヘッダー ファイル</Filter>
    </ClInclude>
    <ClInclude Include="DirectX\engine\debugCamera\Camera.h">
      <Filter>ヘッダー ファイル</Filter>
    </ClInclude>
    <ClInclude Include="DirectX\engine\commom\SrvManager.h">
      <Filter>ヘッダー ファイル</Filter>
    </ClInclude>
    <ClInclude Include="game\collision\Collider.h">
      <Filter>ヘッダー ファイル</Filter>
    </ClInclude>
    <ClInclude Include="game\collision\CollisionConfig.h">
      <Filter>ヘッダー ファイル</Filter>
    </ClInclude>
    <ClInclude Include="game\collision\CollisionManager.h">
      <Filter>ヘッダー ファイル</Filter>
    </ClInclude>
    <ClInclude Include="game\enemy\actor\Enemy.h">
      <Filter>ヘッダー ファイル</Filter>
    </ClInclude>
    <ClInclude Include="game\enemy\actor\PrototypeBossCombat.h">
      <Filter>ヘッダー ファイル</Filter>
    </ClInclude>
    <ClInclude Include="game\mapchip\MapChip.h">
      <Filter>ヘッダー ファイル</Filter>
    </ClInclude>
    <ClInclude Include="game\player\actor\AttackController.h">
      <Filter>ヘッダー ファイル</Filter>
    </ClInclude>
    <ClInclude Include="game\player\actor\Bullet.h">
      <Filter>ヘッダー ファイル</Filter>
    </ClInclude>
    <ClInclude Include="game\player\actor\BulletManager.h">
      <Filter>ヘッダー ファイル</Filter>
    </ClInclude>
    <ClInclude Include="game\player\actor\Player.h">
      <Filter>ヘッダー ファイル</Filter>
    </ClInclude>
    <ClInclude Include="game\player\actor\PlayerUiHelpers.h">
      <Filter>ヘッダー ファイル</Filter>
    </ClInclude>
    <ClInclude Include="game\player\TankRunModifiers.h">
      <Filter>ヘッダー ファイル</Filter>
    </ClInclude>
    <ClInclude Include="game\run\TankRunCopy.h">
      <Filter>ヘッダー ファイル</Filter>
    </ClInclude>
    <ClInclude Include="game\run\TankExpeditionAudio.h" />
    <ClInclude Include="game\run\TankExpeditionEncounters.h" />
    <ClInclude Include="game\player\TankExpeditionLoadout.h" />
    <ClInclude Include="game\exp\ExpEnemyCombatCycle.h" />
    <ClInclude Include="game\exp\ExpEnemyNavigation.h" />
    <ClInclude Include="game\run\TankExpeditionDirector.h">
      <Filter>ヘッダー ファイル</Filter>
    </ClInclude>
    <ClInclude Include="game\run\TankRunDirector.h">
      <Filter>ヘッダー ファイル</Filter>
    </ClInclude>
    <ClInclude Include="game\player\actor\PlayerDrone.h">
      <Filter>ヘッダー ファイル</Filter>
    </ClInclude>
    <ClInclude Include="game\ui\NeonProgressBar.h">
      <Filter>ヘッダー ファイル</Filter>
    </ClInclude>
    <ClInclude Include="game\ui\NeonSegmentedBar.h">
      <Filter>ヘッダー ファイル</Filter>
    </ClInclude>
    <ClInclude Include="game\ui\NeonTextEffect.h">
      <Filter>ヘッダー ファイル</Filter>
    </ClInclude>
    <ClInclude Include="game\ui\TankButtonUI.h">
      <Filter>ヘッダー ファイル</Filter>
    </ClInclude>
    <ClInclude Include="game\player\actor\Stage.h">
      <Filter>ヘッダー ファイル</Filter>
    </ClInclude>
    <ClInclude Include="game\scene\Fade.h">
      <Filter>ヘッダー ファイル</Filter>
    </ClInclude>
    <ClInclude Include="game\scene\GameScene.h">
      <Filter>ヘッダー ファイル</Filter>
    </ClInclude>
    <ClInclude Include="game\effects\ScreenEffectDirector.h">
      <Filter>ヘッダー ファイル</Filter>
    </ClInclude>
    <ClInclude Include="game\scene\SceneManager.h">
      <Filter>ヘッダー ファイル</Filter>
    </ClInclude>
    <ClInclude Include="game\scene\TitleScene.h">
      <Filter>ヘッダー ファイル</Filter>
    </ClInclude>
    <ClInclude Include="game\scene\Game.h">
      <Filter>ヘッダー ファイル</Filter>
    </ClInclude>
    <ClInclude Include="game\exp\EnemyManager.h">
      <Filter>ヘッダー ファイル</Filter>
    </ClInclude>
    <ClInclude Include="game\exp\ExpEnemy.h">
      <Filter>ヘッダー ファイル</Filter>
    </ClInclude>
    <ClInclude Include="DirectX\engine\postEffect\BloomConstantBuffer.h">
      <Filter>ヘッダー ファイル</Filter>
    </ClInclude>
    <ClInclude Include="DirectX\engine\postEffect\PostEffect.h">
      <Filter>ヘッダー ファイル</Filter>
    </ClInclude>
    <ClInclude Include="DirectX\engine\postEffect\RenderTexture.h">
      <Filter>ヘッダー ファイル</Filter>
    </ClInclude>
    <ClInclude Include="DirectX\engine\commom\RtvManager.h">
      <Filter>ヘッダー ファイル</Filter>
    </ClInclude>
    <ClInclude Include="DirectX\engine\particle\ParticleManager.h">
      <Filter>ヘッダー ファイル</Filter>
    </ClInclude>
    <ClInclude Include="DirectX\engine\commom\ShadowMap.h">
      <Filter>ヘッダー ファイル</Filter>
    </ClInclude>
    <ClInclude Include="game\scene\IScene.h">
      <Filter>ヘッダー ファイル</Filter>
    </ClInclude>
    <ClInclude Include="game\scene\AbstractSceneFactory.h">
      <Filter>ヘッダー ファイル</Filter>
    </ClInclude>
    <ClInclude Include="game\scene\SceneFactory.h">
      <Filter>ヘッダー ファイル</Filter>
    </ClInclude>
    <ClInclude Include="game\runtime\SceneRegistry.h">
      <Filter>ヘッダー ファイル</Filter>
    </ClInclude>
    <ClInclude Include="game\runtime\IGameModule.h">
      <Filter>ヘッダー ファイル</Filter>
    </ClInclude>
    <ClInclude Include="game\runtime\GameModuleRegistry.h">
      <Filter>ヘッダー ファイル</Filter>
    </ClInclude>
    <ClInclude Include="game\modules\BuiltInGameModule.h">
      <Filter>ヘッダー ファイル</Filter>
    </ClInclude>
    <ClInclude Include="game\modules\GameModuleBootstrap.h">
      <Filter>ヘッダー ファイル</Filter>
    </ClInclude>
    <ClInclude Include="game\runtime\GameProject.h">
      <Filter>ヘッダー ファイル</Filter>
    </ClInclude>
    <ClInclude Include="DirectX\engine\postEffect\Bloom.h">
      <Filter>ヘッダー ファイル</Filter>
    </ClInclude>
    <ClInclude Include="DirectX\engine\postEffect\BloomPyramid.h">
      <Filter>ヘッダー ファイル</Filter>
    </ClInclude>
    <ClInclude Include="DirectX\engine\postEffect\ObjectPostEffect.h">
      <Filter>ヘッダー ファイル</Filter>
    </ClInclude>
    <ClInclude Include="DirectX\engine\postEffect\Shadow.h">
      <Filter>ヘッダー ファイル</Filter>
    </ClInclude>
    <ClInclude Include="DirectX\engine\audio\AudioManager.h">
      <Filter>ヘッダー ファイル</Filter>
    </ClInclude>
    <ClInclude Include="DirectX\engine\commom\CylinderManager.h">
      <Filter>ヘッダー ファイル</Filter>
    </ClInclude>
    <ClInclude Include="DirectX\engine\commom\RingManager.h">
      <Filter>ヘッダー ファイル</Filter>
    </ClInclude>
    <ClInclude Include="DirectX\engine\3d\Skybox.h">
      <Filter>ヘッダー ファイル</Filter>
    </ClInclude>
    <ClInclude Include="DirectX\engine\3d\PbrEnvironment.h">
      <Filter>ヘッダー ファイル</Filter>
    </ClInclude>
    <ClInclude Include="DirectX\engine\particle\EffectSequencer.h">
      <Filter>ヘッダー ファイル</Filter>
    </ClInclude>
    <ClInclude Include="DirectX\engine\commom\TrailInstance.h">
      <Filter>ヘッダー ファイル</Filter>
    </ClInclude>
    <ClInclude Include="DirectX\engine\commom\TrailManager.h">
      <Filter>ヘッダー ファイル</Filter>
    </ClInclude>
    <ClInclude Include="game\level\LevelLoader.h">
      <Filter>ヘッダー ファイル</Filter>
    </ClInclude>
  </ItemGroup>
  <ItemGroup>
    <Text Include="externals\imgui\LICENSE.txt">
      <Filter>imgui</Filter>
    </Text>
  </ItemGroup>
  <ItemGroup>
    <None Include="resources\shaders\Object3d.hlsli">
      <Filter>DirectX\shaders</Filter>
    </None>
    <None Include="resources\shaders\OceanCommon.hlsli">
      <Filter>DirectX\shaders</Filter>
    </None>
    <None Include="resources\shaders\OceanFFTCommon.hlsli">
      <Filter>DirectX\shaders</Filter>
    </None>
    <None Include="resources\shaders\OceanSpectrumInitialize.CS.hlsl">
      <Filter>DirectX\shaders</Filter>
    </None>
    <None Include="resources\shaders\OceanSpectrumEvolve.CS.hlsl">
      <Filter>DirectX\shaders</Filter>
    </None>
    <None Include="resources\shaders\OceanFFT.CS.hlsl">
      <Filter>DirectX\shaders</Filter>
    </None>
    <None Include="resources\shaders\OceanFFTOutput.CS.hlsl">
      <Filter>DirectX\shaders</Filter>
    </None>
    <None Include="resources\shaders\Particle.hlsli">
      <Filter>DirectX\shaders</Filter>
    </None>
    <None Include="resources\shaders\ModelParticle.hlsli" />
    <None Include="resources\shaders\Trail.hlsli" />
  </ItemGroup>
  <ItemGroup>
    <ClCompile Include="DirectX\engine\commom\ProceduralFlameRenderer.cpp">
      <Filter>ソース ファイル</Filter>
    </ClCompile>
    <ClInclude Include="DirectX\engine\commom\ProceduralFlameRenderer.h">
      <Filter>ヘッダー ファイル</Filter>
    </ClInclude>
  </ItemGroup>
  <ItemGroup>
    <ClCompile Include="DirectX\engine\commom\RuntimeProfiler.cpp" />
    <ClInclude Include="DirectX\engine\commom\RuntimeProfiler.h" />
    <ClInclude Include="DirectX\engine\commom\FramePacer.h" />
    <ClInclude Include="DirectX\engine\commom\TrailStressFixture.h" />
  </ItemGroup>  <ItemGroup>
    <ClCompile Include="game\scene\GameScene.Balance.cpp" />
    <ClCompile Include="game\scene\GameScene.TitleDemo.cpp" />
    <ClInclude Include="game\run\TankExpeditionBalance.h" />
    <ClInclude Include="game\run\TankExpeditionTutorial.h" />
    <None Include="resources\configs\tankExpeditionBalance.json" />
    <None Include="resources\maps\expedition_outskirts.csv" />
    <None Include="resources\projects\tank_game.project.json" />
  </ItemGroup>
  <ItemGroup>
    <ClCompile Include="game\scene\GameScene.ExpeditionMap.cpp" />
    <ClCompile Include="game\scene\GameScene.ExpeditionBuild.cpp" />
    <ClCompile Include="game\ui\TankRewardCard.cpp" />
    <ClInclude Include="game\ui\TankRewardCard.h" />
    <ClInclude Include="game\ui\TankRewardCardDemo.h" />
    <ClInclude Include="game\run\TankBuildStyle.h" />
    <ClCompile Include="game\scene\GameScene.CombatValidation.cpp" />
    <ClCompile Include="game\scene\GameScene.ExpeditionExperience.cpp" />
    <ClCompile Include="game\scene\GameScene.ExperienceValidation.cpp" />
    <ClCompile Include="game\editor\ExpeditionRoomEditor.cpp" />
    <ClCompile Include="game\editor\ExpeditionMapEditor.cpp" />
    <ClCompile Include="game\editor\ExpeditionContentEditor.cpp" />
    <ClInclude Include="game\run\TankExpeditionMap.h" />
    <ClInclude Include="game\run\TankExpeditionTransition.h" />
    <ClInclude Include="game\run\TankGuidedCombatTutorial.h" />
    <ClInclude Include="game\exp\ExpEnemyMagazineCycle.h" />
    <ClInclude Include="game\enemy\actor\RivalBossCombat.h" />
    <ClInclude Include="game\run\TankExpeditionRooms.h" />
    <ClInclude Include="game\run\TankExpeditionContent.h" />
    <ClInclude Include="game\editor\ExpeditionRoomEditor.h" />
    <ClInclude Include="game\editor\ExpeditionMapEditor.h" />
    <ClInclude Include="game\editor\ExpeditionContentEditor.h" />
  </ItemGroup>
  <ItemGroup>
    <ClCompile Include="game\scene\GameScene.Authoring.cpp" />
    <ClCompile Include="game\ui\TankRewardPreviewRenderer.cpp" />
    <ClCompile Include="game\render\NeonProjectileRenderer.cpp" />
    <ClInclude Include="game\render\NeonProjectileRenderer.h" />
    <ClInclude Include="game\ui\TankRewardPreviewRenderer.h" />
    <ClInclude Include="game\ui\TankCombatNeonGeometry.h" />
    <ClInclude Include="game\player\TankCombatStyleBalance.h" />
    <ClInclude Include="DirectX\engine\commom\StartupTrace.h" />
    <ClInclude Include="DirectX\engine\commom\ShaderDiskCache.h" />
    <ClInclude Include="DirectX\engine\2d\GeneratedTextureCache.h" />
  </ItemGroup>
  <ItemGroup>
    <ClCompile Include="DirectX\engine\3d\neon\NeonSkinnedRenderer.cpp">
      <Filter>DirectX\engine\3d</Filter>
    </ClCompile>
    <ClCompile Include="game\debug\NeonSkinnedPreview.cpp">
      <Filter>ソース ファイル</Filter>
    </ClCompile>
    <ClInclude Include="game\debug\NeonSkinnedPreview.h">
      <Filter>ヘッダー ファイル</Filter>
    </ClInclude>
    <ClCompile Include="game\debug\NeonDissolvePreviewController.cpp">
      <Filter>ソース ファイル</Filter>
    </ClCompile>
    <ClInclude Include="game\debug\NeonDissolvePreviewController.h">
      <Filter>ヘッダー ファイル</Filter>
    </ClInclude>
    <ClInclude Include="DirectX\engine\3d\neon\NeonDissolve.h">
      <Filter>DirectX\engine\3d</Filter>
    </ClInclude>
    <None Include="resources\shaders\NeonDissolve.hlsli">
      <Filter>DirectX\shaders</Filter>
    </None>
    <ClCompile Include="game\debug\NeonShowcaseCapture.cpp">
      <Filter>ソース ファイル</Filter>
    </ClCompile>
    <ClInclude Include="game\debug\NeonShowcaseCapture.h">
      <Filter>ヘッダー ファイル</Filter>
    </ClInclude>
    <ClCompile Include="game\enemy\visual\NeonBossVisual.cpp" />
    <ClCompile Include="game\scene\GameScene.NeonBoss.cpp" />
    <ClInclude Include="game\enemy\visual\NeonBossVisual.h" />
    <ClInclude Include="game\flow\CombatFlowController.h" />
    <ClInclude Include="game\enemy\visual\BossVisualBridge.h" />
    <ClInclude Include="game\player\PlayerDerivedStats.h" />
    <ClInclude Include="game\player\PlayerMovement.h" />
    <ClInclude Include="game\debug\GameplayScenario.h" />
    <ClInclude Include="game\debug\GameplayScenarioSession.h" />
    <ClCompile Include="game\scene\GameScene.GameplayScenario.cpp" />
    <ClCompile Include="game\debug\GameplayScenarioSession.cpp" />
    <ClInclude Include="game\enemy\visual\NeonBossVisualState.h" />
    <ClInclude Include="DirectX\engine\3d\neon\NeonCharacterStyle.h" />
    <ClCompile Include="game\debug\NeonPreviewAnimations.cpp">
      <Filter>ソース ファイル</Filter>
    </ClCompile>
    <ClInclude Include="game\debug\NeonPreviewAnimations.h">
      <Filter>ヘッダー ファイル</Filter>
    </ClInclude>
    <None Include="resources\models\neon_hologram\AvatarSample_B.glb">
      <Filter>リソース ファイル</Filter>
    </None>
    <None Include="resources\models\neon_hologram\README.md">
      <Filter>リソース ファイル</Filter>
    </None>
    <ClInclude Include="DirectX\engine\3d\neon\NeonSkinnedRenderer.h">
      <Filter>DirectX\engine\3d</Filter>
    </ClInclude>
    <None Include="resources\shaders\NeonSkinned.hlsli">
      <Filter>DirectX\shaders</Filter>
    </None>
    <None Include="resources\shaders\NeonSkinnedSkinning.hlsli">
      <Filter>DirectX\shaders</Filter>
    </None>
    <None Include="resources\shaders\NeonSkinnedSurface.hlsli">
      <Filter>DirectX\shaders</Filter>
    </None>
    <None Include="resources\shaders\NeonSkinnedBody.hlsli">
      <Filter>DirectX\shaders</Filter>
    </None>
    <FxCompile Include="resources\shaders\NeonSkinnedGeometry.PS.hlsl">
      <Filter>DirectX\shaders</Filter>
    </FxCompile>
    <FxCompile Include="resources\shaders\NeonSkinnedStencilClear.PS.hlsl">
      <Filter>DirectX\shaders</Filter>
    </FxCompile>
    <FxCompile Include="resources\shaders\NeonSkinnedOutline.VS.hlsl">
      <Filter>DirectX\shaders</Filter>
    </FxCompile>
    <FxCompile Include="resources\shaders\NeonSkinnedOutline.PS.hlsl">
      <Filter>DirectX\shaders</Filter>
    </FxCompile>
    <FxCompile Include="resources\shaders\NeonSkinnedStencilClear.VS.hlsl">
      <Filter>DirectX\shaders</Filter>
    </FxCompile>
    <FxCompile Include="resources\shaders\NeonSkinned.VS.hlsl">
      <Filter>DirectX\shaders</Filter>
    </FxCompile>
    <FxCompile Include="resources\shaders\NeonSkinned.PS.hlsl">
      <Filter>DirectX\shaders</Filter>
    </FxCompile>
  </ItemGroup>
  <ItemGroup>
    <ClCompile Include="game\player\PlayerClassCatalog.cpp">
      <Filter>ソース ファイル</Filter>
    </ClCompile>
    <ClInclude Include="game\player\PlayerClassConfig.h">
      <Filter>ヘッダー ファイル</Filter>
    </ClInclude>
    <ClInclude Include="game\player\PlayerClassCatalog.h">
      <Filter>ヘッダー ファイル</Filter>
    </ClInclude>
  </ItemGroup>
  <ItemGroup>
    <None Include="resources\shaders\BloomPyramidCommon.hlsli"><Filter>DirectX\shaders</Filter></None>
    <FxCompile Include="resources\shaders\BloomPyramidExtract.PS.hlsl"><Filter>DirectX\shaders</Filter></FxCompile>
    <FxCompile Include="resources\shaders\BloomPyramidDownsample.PS.hlsl"><Filter>DirectX\shaders</Filter></FxCompile>
    <FxCompile Include="resources\shaders\BloomPyramidUpsample.PS.hlsl"><Filter>DirectX\shaders</Filter></FxCompile>
  </ItemGroup>
</Project>
